
Microsoft Visual Studio Solution File, Format Version 12.00
# Visual Studio Version 16
VisualStudioVersion = 16.0.30907.101
MinimumVisualStudioVersion = 10.0.40219.1
Project("{FAE04EC0-301F-11D3-BF4B-00C04F79EFBC}") = "esignature", "esignature\esignature.csproj", "{474F9358-187F-4C2A-8A1A-84727C3C617F}"
EndProject
Global
	GlobalSection(SolutionConfigurationPlatforms) = preSolution
		Debug|Any CPU = Debug|Any CPU
		Release|Any CPU = Release|Any CPU
	EndGlobalSection
	GlobalSection(ProjectConfigurationPlatforms) = postSolution
		{474F9358-187F-4C2A-8A1A-84727C3C617F}.Debug|Any CPU.ActiveCfg = Debug|Any CPU
		{474F9358-187F-4C2A-8A1A-84727C3C617F}.Debug|Any CPU.Build.0 = Debug|Any CPU
		{474F9358-187F-4C2A-8A1A-84727C3C617F}.Release|Any CPU.ActiveCfg = Release|Any CPU
		{474F9358-187F-4C2A-8A1A-84727C3C617F}.Release|Any CPU.Build.0 = Release|Any CPU
	EndGlobalSection
	GlobalSection(SolutionProperties) = preSolution
		HideSolutionNode = FALSE
	EndGlobalSection
	GlobalSection(ExtensibilityGlobals) = postSolution
		SolutionGuid = {28C5C05F-6B43-47FB-A00D-197CBDC17542}
	EndGlobalSection
EndGlobal
